# THIS IS AN AUTOGENERATED FILE. DO NOT EDIT THIS FILE DIRECTLY.
# yarn lockfile v1


"@fiatconnect/fiatconnect-types@^6.0.0":
  version "6.0.0"
  resolved "https://registry.yarnpkg.com/@fiatconnect/fiatconnect-types/-/fiatconnect-types-6.0.0.tgz#ce458140a5af589248460c5270e29aeddc27cf28"
  integrity sha512-rBYe2Mbjyw6WlP6GY2BzY7jac/aP4VxccDJzbCFkx17aYqj724Bj2yLhBeF9znL44sQoAuYLJeyT0f80xGQR2w==

npm-package-example@^1.1.0:
  version "1.1.0"
  resolved "https://registry.yarnpkg.com/npm-package-example/-/npm-package-example-1.1.0.tgz#c615ece546975050eda22026afae3933d901cca4"
  integrity sha1-xhXs5UaXUFDtoiAmr645M9kBzKQ=
