# THIS IS AN AUTOGENERATED FILE. DO NOT EDIT THIS FILE DIRECTLY.
# yarn lockfile v1


"@fiatconnect/fiatconnect-types@^3.0.0":
  version "3.0.0"
  resolved "https://registry.yarnpkg.com/@fiatconnect/fiatconnect-types/-/fiatconnect-types-3.0.0.tgz#684b8f5c6beefb98db3a2a3c41066b976e099269"
  integrity sha512-JMyAgkHNufqbo9roDmUpzhZH3UMbhyuLYYMI9kE1qQTtQMPVlPz9zHbS2syFz2Ymdjl7wzgIijph+QckYwwP8A==

npm-package-example@^1.1.0:
  version "1.1.0"
  resolved "https://registry.yarnpkg.com/npm-package-example/-/npm-package-example-1.1.0.tgz#c615ece546975050eda22026afae3933d901cca4"
  integrity sha1-xhXs5UaXUFDtoiAmr645M9kBzKQ=
